
Microsoft Visual Studio Solution File, Format Version 12.00
# Visual Studio Version 16
VisualStudioVersion = 16.0.30114.105
MinimumVisualStudioVersion = 10.0.40219.1
Project("{FAE04EC0-301F-11D3-BF4B-00C04F79EFBC}") = "ReactiveMarbles.SourceGenerator.TestNuGetHelper", "ReactiveMarbles.SourceGenerator.TestNuGetHelper\ReactiveMarbles.SourceGenerator.TestNuGetHelper.csproj", "{103481FA-7169-42A2-8680-703A0D403A22}"
EndProject
Project("{2150E333-8FDC-42A3-9474-1A3956D46DE8}") = "Solution Items", "Solution Items", "{83301E99-BB43-4C1F-BC2B-A185A3A089B1}"
ProjectSection(SolutionItems) = preProject
	Directory.Build.props = Directory.Build.props
	Directory.build.targets = Directory.build.targets
	stylecop.json = stylecop.json
	..\.editorconfig = ..\.editorconfig
	..\LICENSE = ..\LICENSE
	..\README.md = ..\README.md
	..\version.json = ..\version.json
EndProjectSection
EndProject
Global
	GlobalSection(SolutionConfigurationPlatforms) = preSolution
		Debug|Any CPU = Debug|Any CPU
		Debug|x64 = Debug|x64
		Debug|x86 = Debug|x86
		Release|Any CPU = Release|Any CPU
		Release|x64 = Release|x64
		Release|x86 = Release|x86
	EndGlobalSection
	GlobalSection(ProjectConfigurationPlatforms) = postSolution
		{103481FA-7169-42A2-8680-703A0D403A22}.Debug|Any CPU.ActiveCfg = Debug|Any CPU
		{103481FA-7169-42A2-8680-703A0D403A22}.Debug|Any CPU.Build.0 = Debug|Any CPU
		{103481FA-7169-42A2-8680-703A0D403A22}.Debug|x64.ActiveCfg = Debug|Any CPU
		{103481FA-7169-42A2-8680-703A0D403A22}.Debug|x64.Build.0 = Debug|Any CPU
		{103481FA-7169-42A2-8680-703A0D403A22}.Debug|x86.ActiveCfg = Debug|Any CPU
		{103481FA-7169-42A2-8680-703A0D403A22}.Debug|x86.Build.0 = Debug|Any CPU
		{103481FA-7169-42A2-8680-703A0D403A22}.Release|Any CPU.ActiveCfg = Release|Any CPU
		{103481FA-7169-42A2-8680-703A0D403A22}.Release|Any CPU.Build.0 = Release|Any CPU
		{103481FA-7169-42A2-8680-703A0D403A22}.Release|x64.ActiveCfg = Release|Any CPU
		{103481FA-7169-42A2-8680-703A0D403A22}.Release|x64.Build.0 = Release|Any CPU
		{103481FA-7169-42A2-8680-703A0D403A22}.Release|x86.ActiveCfg = Release|Any CPU
		{103481FA-7169-42A2-8680-703A0D403A22}.Release|x86.Build.0 = Release|Any CPU
	EndGlobalSection
	GlobalSection(SolutionProperties) = preSolution
		HideSolutionNode = FALSE
	EndGlobalSection
	GlobalSection(ExtensibilityGlobals) = postSolution
		SolutionGuid = {C95B5321-F8C6-415B-B35A-3C0FE3A1D4C5}
	EndGlobalSection
EndGlobal
